
Microsoft Visual Studio Solution File, Format Version 12.00
# Visual Studio Version 16
VisualStudioVersion = 16.0.30413.136
MinimumVisualStudioVersion = 10.0.40219.1
Project("{FAE04EC0-301F-11D3-BF4B-00C04F79EFBC}") = "RestAspNetCore", "RestAspNetCore\RestAspNetCore.csproj", "{42E96F6F-68B7-4DB3-9FC7-D7CF51CC50AF}"
EndProject
Global
	GlobalSection(SolutionConfigurationPlatforms) = preSolution
		Debug|Any CPU = Debug|Any CPU
		Release|Any CPU = Release|Any CPU
	EndGlobalSection
	GlobalSection(ProjectConfigurationPlatforms) = postSolution
		{42E96F6F-68B7-4DB3-9FC7-D7CF51CC50AF}.Debug|Any CPU.ActiveCfg = Debug|Any CPU
		{42E96F6F-68B7-4DB3-9FC7-D7CF51CC50AF}.Debug|Any CPU.Build.0 = Debug|Any CPU
		{42E96F6F-68B7-4DB3-9FC7-D7CF51CC50AF}.Release|Any CPU.ActiveCfg = Release|Any CPU
		{42E96F6F-68B7-4DB3-9FC7-D7CF51CC50AF}.Release|Any CPU.Build.0 = Release|Any CPU
	EndGlobalSection
	GlobalSection(SolutionProperties) = preSolution
		HideSolutionNode = FALSE
	EndGlobalSection
	GlobalSection(ExtensibilityGlobals) = postSolution
		SolutionGuid = {5D0E176B-994E-4D7D-B156-A8C114A1F993}
	EndGlobalSection
EndGlobal
